
Microsoft Visual Studio Solution File, Format Version 12.00
# Visual Studio Version 17
VisualStudioVersion = 17.3.32929.385
MinimumVisualStudioVersion = 10.0.40219.1
Project("{FAE04EC0-301F-11D3-BF4B-00C04F79EFBC}") = "NewHouse", "NewHouse.csproj", "{03259F01-2112-46DF-BD67-4580F53D7562}"
EndProject
Global
	GlobalSection(SolutionConfigurationPlatforms) = preSolution
		Debug|Any CPU = Debug|Any CPU
		Release|Any CPU = Release|Any CPU
	EndGlobalSection
	GlobalSection(ProjectConfigurationPlatforms) = postSolution
		{03259F01-2112-46DF-BD67-4580F53D7562}.Debug|Any CPU.ActiveCfg = Debug|Any CPU
		{03259F01-2112-46DF-BD67-4580F53D7562}.Debug|Any CPU.Build.0 = Debug|Any CPU
		{03259F01-2112-46DF-BD67-4580F53D7562}.Release|Any CPU.ActiveCfg = Release|Any CPU
		{03259F01-2112-46DF-BD67-4580F53D7562}.Release|Any CPU.Build.0 = Release|Any CPU
	EndGlobalSection
	GlobalSection(SolutionProperties) = preSolution
		HideSolutionNode = FALSE
	EndGlobalSection
	GlobalSection(ExtensibilityGlobals) = postSolution
		SolutionGuid = {6F7040F2-C5D5-463E-9E1A-AB7EA1914572}
	EndGlobalSection
EndGlobal
